// !$*UTF8*$!
{
	archiveVersion = 1;
	classes = {
	};
	objectVersion = 46;
	objects = {

/* Begin PBXBuildFile section */
		F6654BD41BCDDA870054072A /* main.m in Sources */ = {isa = PBXBuildFile; fileRef = F6654BD31BCDDA870054072A /* main.m */; };
		F6654BD71BCDDA870054072A /* AppDelegate.m in Sources */ = {isa = PBXBuildFile; fileRef = F6654BD61BCDDA870054072A /* AppDelegate.m */; };
		F6654BDD1BCDDA870054072A /* Main.storyboard in Resources */ = {isa = PBXBuildFile; fileRef = F6654BDB1BCDDA870054072A /* Main.storyboard */; };
		F6654BDF1BCDDA870054072A /* Images.xcassets in Resources */ = {isa = PBXBuildFile; fileRef = F6654BDE1BCDDA870054072A /* Images.xcassets */; };
		F6654BE21BCDDA870054072A /* LaunchScreen.xib in Resources */ = {isa = PBXBuildFile; fileRef = F6654BE01BCDDA870054072A /* LaunchScreen.xib */; };
		F6654BEE1BCDDA870054072A /* ShakeToRecordTests.m in Sources */ = {isa = PBXBuildFile; fileRef = F6654BED1BCDDA870054072A /* ShakeToRecordTests.m */; };
		F686738C1BCF6F7F007A30C0 /* CountdownViewController.m in Sources */ = {isa = PBXBuildFile; fileRef = F686738A1BCF6F7F007A30C0 /* CountdownViewController.m */; };
		F686738D1BCF6F7F007A30C0 /* CountdownViewController.xib in Resources */ = {isa = PBXBuildFile; fileRef = F686738B1BCF6F7F007A30C0 /* CountdownViewController.xib */; };
		F69E640B1BCDDB9A006E993F /* ListTableViewController.m in Sources */ = {isa = PBXBuildFile; fileRef = F69E640A1BCDDB9A006E993F /* ListTableViewController.m */; };
		F6A320051BD69C3B00D1CAD5 /* Reachability.m in Sources */ = {isa = PBXBuildFile; fileRef = F6A320041BD69C3B00D1CAD5 /* Reachability.m */; };
		F6B17EDC1BD90A3500298B80 /* Info22.png in Resources */ = {isa = PBXBuildFile; fileRef = F6B17EDB1BD90A3500298B80 /* Info22.png */; };
/* End PBXBuildFile section */

/* Begin PBXContainerItemProxy section */
		F6654BE81BCDDA870054072A /* PBXContainerItemProxy */ = {
			isa = PBXContainerItemProxy;
			containerPortal = F6654BC61BCDDA860054072A /* Project object */;
			proxyType = 1;
			remoteGlobalIDString = F6654BCD1BCDDA870054072A;
			remoteInfo = ShakeToRecord;
		};
/* End PBXContainerItemProxy section */

/* Begin PBXFileReference section */
		F6654BCE1BCDDA870054072A /* ShakeToRecord.app */ = {isa = PBXFileReference; explicitFileType = wrapper.application; includeInIndex = 0; path = ShakeToRecord.app; sourceTree = BUILT_PRODUCTS_DIR; };
		F6654BD21BCDDA870054072A /* Info.plist */ = {isa = PBXFileReference; lastKnownFileType = text.plist.xml; path = Info.plist; sourceTree = "<group>"; };
		F6654BD31BCDDA870054072A /* main.m */ = {isa = PBXFileReference; lastKnownFileType = sourcecode.c.objc; path = main.m; sourceTree = "<group>"; };
		F6654BD51BCDDA870054072A /* AppDelegate.h */ = {isa = PBXFileReference; lastKnownFileType = sourcecode.c.h; path = AppDelegate.h; sourceTree = "<group>"; };
		F6654BD61BCDDA870054072A /* AppDelegate.m */ = {isa = PBXFileReference; lastKnownFileType = sourcecode.c.objc; path = AppDelegate.m; sourceTree = "<group>"; };
		F6654BDC1BCDDA870054072A /* Base */ = {isa = PBXFileReference; lastKnownFileType = file.storyboard; name = Base; path = Base.lproj/Main.storyboard; sourceTree = "<group>"; };
		F6654BDE1BCDDA870054072A /* Images.xcassets */ = {isa = PBXFileReference; lastKnownFileType = folder.assetcatalog; path = Images.xcassets; sourceTree = "<group>"; };
		F6654BE11BCDDA870054072A /* Base */ = {isa = PBXFileReference; lastKnownFileType = file.xib; name = Base; path = Base.lproj/LaunchScreen.xib; sourceTree = "<group>"; };
		F6654BE71BCDDA870054072A /* ShakeToRecordTests.xctest */ = {isa = PBXFileReference; explicitFileType = wrapper.cfbundle; includeInIndex = 0; path = ShakeToRecordTests.xctest; sourceTree = BUILT_PRODUCTS_DIR; };
		F6654BEC1BCDDA870054072A /* Info.plist */ = {isa = PBXFileReference; lastKnownFileType = text.plist.xml; path = Info.plist; sourceTree = "<group>"; };
		F6654BED1BCDDA870054072A /* ShakeToRecordTests.m */ = {isa = PBXFileReference; lastKnownFileType = sourcecode.c.objc; path = ShakeToRecordTests.m; sourceTree = "<group>"; };
		F68673891BCF6F7F007A30C0 /* CountdownViewController.h */ = {isa = PBXFileReference; fileEncoding = 4; lastKnownFileType = sourcecode.c.h; path = CountdownViewController.h; sourceTree = "<group>"; };
		F686738A1BCF6F7F007A30C0 /* CountdownViewController.m */ = {isa = PBXFileReference; fileEncoding = 4; lastKnownFileType = sourcecode.c.objc; path = CountdownViewController.m; sourceTree = "<group>"; };
		F686738B1BCF6F7F007A30C0 /* CountdownViewController.xib */ = {isa = PBXFileReference; fileEncoding = 4; lastKnownFileType = file.xib; path = CountdownViewController.xib; sourceTree = "<group>"; };
		F69E64091BCDDB9A006E993F /* ListTableViewController.h */ = {isa = PBXFileReference; fileEncoding = 4; lastKnownFileType = sourcecode.c.h; path = ListTableViewController.h; sourceTree = "<group>"; };
		F69E640A1BCDDB9A006E993F /* ListTableViewController.m */ = {isa = PBXFileReference; fileEncoding = 4; lastKnownFileType = sourcecode.c.objc; path = ListTableViewController.m; sourceTree = "<group>"; };
		F6A320031BD69C3B00D1CAD5 /* Reachability.h */ = {isa = PBXFileReference; fileEncoding = 4; lastKnownFileType = sourcecode.c.h; path = Reachability.h; sourceTree = "<group>"; };
		F6A320041BD69C3B00D1CAD5 /* Reachability.m */ = {isa = PBXFileReference; fileEncoding = 4; lastKnownFileType = sourcecode.c.objc; path = Reachability.m; sourceTree = "<group>"; };
		F6B17EDB1BD90A3500298B80 /* Info22.png */ = {isa = PBXFileReference; lastKnownFileType = image.png; path = Info22.png; sourceTree = "<group>"; };
/* End PBXFileReference section */

/* Begin PBXFrameworksBuildPhase section */
		F6654BCB1BCDDA870054072A /* Frameworks */ = {
			isa = PBXFrameworksBuildPhase;
			buildActionMask = 2147483647;
			files = (
			);
			runOnlyForDeploymentPostprocessing = 0;
		};
		F6654BE41BCDDA870054072A /* Frameworks */ = {
			isa = PBXFrameworksBuildPhase;
			buildActionMask = 2147483647;
			files = (
			);
			runOnlyForDeploymentPostprocessing = 0;
		};
/* End PBXFrameworksBuildPhase section */

/* Begin PBXGroup section */
		F6654BC51BCDDA860054072A = {
			isa = PBXGroup;
			children = (
				F6654BD01BCDDA870054072A /* ShakeToRecord */,
				F6654BEA1BCDDA870054072A /* ShakeToRecordTests */,
				F6654BCF1BCDDA870054072A /* Products */,
			);
			sourceTree = "<group>";
		};
		F6654BCF1BCDDA870054072A /* Products */ = {
			isa = PBXGroup;
			children = (
				F6654BCE1BCDDA870054072A /* ShakeToRecord.app */,
				F6654BE71BCDDA870054072A /* ShakeToRecordTests.xctest */,
			);
			name = Products;
			sourceTree = "<group>";
		};
		F6654BD01BCDDA870054072A /* ShakeToRecord */ = {
			isa = PBXGroup;
			children = (
				F6B17EDD1BD90A7500298B80 /* icons */,
				F6A320061BD69C4200D1CAD5 /* Imported Class */,
				F686738E1BCF6F86007A30C0 /* Coundown */,
				F6654BD51BCDDA870054072A /* AppDelegate.h */,
				F6654BD61BCDDA870054072A /* AppDelegate.m */,
				F69E64091BCDDB9A006E993F /* ListTableViewController.h */,
				F69E640A1BCDDB9A006E993F /* ListTableViewController.m */,
				F6654BDB1BCDDA870054072A /* Main.storyboard */,
				F6654BDE1BCDDA870054072A /* Images.xcassets */,
				F6654BE01BCDDA870054072A /* LaunchScreen.xib */,
				F6654BD11BCDDA870054072A /* Supporting Files */,
			);
			path = ShakeToRecord;
			sourceTree = "<group>";
		};
		F6654BD11BCDDA870054072A /* Supporting Files */ = {
			isa = PBXGroup;
			children = (
				F6654BD21BCDDA870054072A /* Info.plist */,
				F6654BD31BCDDA870054072A /* main.m */,
			);
			name = "Supporting Files";
			sourceTree = "<group>";
		};
		F6654BEA1BCDDA870054072A /* ShakeToRecordTests */ = {
			isa = PBXGroup;
			children = (
				F6654BED1BCDDA870054072A /* ShakeToRecordTests.m */,
				F6654BEB1BCDDA870054072A /* Supporting Files */,
			);
			path = ShakeToRecordTests;
			sourceTree = "<group>";
		};
		F6654BEB1BCDDA870054072A /* Supporting Files */ = {
			isa = PBXGroup;
			children = (
				F6654BEC1BCDDA870054072A /* Info.plist */,
			);
			name = "Supporting Files";
			sourceTree = "<group>";
		};
		F686738E1BCF6F86007A30C0 /* Coundown */ = {
			isa = PBXGroup;
			children = (
				F68673891BCF6F7F007A30C0 /* CountdownViewController.h */,
				F686738A1BCF6F7F007A30C0 /* CountdownViewController.m */,
				F686738B1BCF6F7F007A30C0 /* CountdownViewController.xib */,
			);
			name = Coundown;
			sourceTree = "<group>";
		};
		F6A320061BD69C4200D1CAD5 /* Imported Class */ = {
			isa = PBXGroup;
			children = (
				F6A320031BD69C3B00D1CAD5 /* Reachability.h */,
				F6A320041BD69C3B00D1CAD5 /* Reachability.m */,
			);
			name = "Imported Class";
			sourceTree = "<group>";
		};
		F6B17EDD1BD90A7500298B80 /* icons */ = {
			isa = PBXGroup;
			children = (
				F6B17EDB1BD90A3500298B80 /* Info22.png */,
			);
			name = icons;
			sourceTree = "<group>";
		};
/* End PBXGroup section */

/* Begin PBXNativeTarget section */
		F6654BCD1BCDDA870054072A /* ShakeToRecord */ = {
			isa = PBXNativeTarget;
			buildConfigurationList = F6654BF11BCDDA870054072A /* Build configuration list for PBXNativeTarget "ShakeToRecord" */;
			buildPhases = (
				F6654BCA1BCDDA870054072A /* Sources */,
				F6654BCB1BCDDA870054072A /* Frameworks */,
				F6654BCC1BCDDA870054072A /* Resources */,
			);
			buildRules = (
			);
			dependencies = (
			);
			name = ShakeToRecord;
			productName = ShakeToRecord;
			productReference = F6654BCE1BCDDA870054072A /* ShakeToRecord.app */;
			productType = "com.apple.product-type.application";
		};
		F6654BE61BCDDA870054072A /* ShakeToRecordTests */ = {
			isa = PBXNativeTarget;
			buildConfigurationList = F6654BF41BCDDA870054072A /* Build configuration list for PBXNativeTarget "ShakeToRecordTests" */;
			buildPhases = (
				F6654BE31BCDDA870054072A /* Sources */,
				F6654BE41BCDDA870054072A /* Frameworks */,
				F6654BE51BCDDA870054072A /* Resources */,
			);
			buildRules = (
			);
			dependencies = (
				F6654BE91BCDDA870054072A /* PBXTargetDependency */,
			);
			name = ShakeToRecordTests;
			productName = ShakeToRecordTests;
			productReference = F6654BE71BCDDA870054072A /* ShakeToRecordTests.xctest */;
			productType = "com.apple.product-type.bundle.unit-test";
		};
/* End PBXNativeTarget section */

/* Begin PBXProject section */
		F6654BC61BCDDA860054072A /* Project object */ = {
			isa = PBXProject;
			attributes = {
				LastUpgradeCheck = 0700;
				ORGANIZATIONNAME = XoiAHin;
				TargetAttributes = {
					F6654BCD1BCDDA870054072A = {
						CreatedOnToolsVersion = 6.4;
					};
					F6654BE61BCDDA870054072A = {
						CreatedOnToolsVersion = 6.4;
						TestTargetID = F6654BCD1BCDDA870054072A;
					};
				};
			};
			buildConfigurationList = F6654BC91BCDDA860054072A /* Build configuration list for PBXProject "ShakeToRecord" */;
			compatibilityVersion = "Xcode 3.2";
			developmentRegion = English;
			hasScannedForEncodings = 0;
			knownRegions = (
				en,
				Base,
			);
			mainGroup = F6654BC51BCDDA860054072A;
			productRefGroup = F6654BCF1BCDDA870054072A /* Products */;
			projectDirPath = "";
			projectRoot = "";
			targets = (
				F6654BCD1BCDDA870054072A /* ShakeToRecord */,
				F6654BE61BCDDA870054072A /* ShakeToRecordTests */,
			);
		};
/* End PBXProject section */

/* Begin PBXResourcesBuildPhase section */
		F6654BCC1BCDDA870054072A /* Resources */ = {
			isa = PBXResourcesBuildPhase;
			buildActionMask = 2147483647;
			files = (
				F686738D1BCF6F7F007A30C0 /* CountdownViewController.xib in Resources */,
				F6B17EDC1BD90A3500298B80 /* Info22.png in Resources */,
				F6654BDD1BCDDA870054072A /* Main.storyboard in Resources */,
				F6654BE21BCDDA870054072A /* LaunchScreen.xib in Resources */,
				F6654BDF1BCDDA870054072A /* Images.xcassets in Resources */,
			);
			runOnlyForDeploymentPostprocessing = 0;
		};
		F6654BE51BCDDA870054072A /* Resources */ = {
			isa = PBXResourcesBuildPhase;
			buildActionMask = 2147483647;
			files = (
			);
			runOnlyForDeploymentPostprocessing = 0;
		};
/* End PBXResourcesBuildPhase section */

/* Begin PBXSourcesBuildPhase section */
		F6654BCA1BCDDA870054072A /* Sources */ = {
			isa = PBXSourcesBuildPhase;
			buildActionMask = 2147483647;
			files = (
				F686738C1BCF6F7F007A30C0 /* CountdownViewController.m in Sources */,
				F6654BD71BCDDA870054072A /* AppDelegate.m in Sources */,
				F6654BD41BCDDA870054072A /* main.m in Sources */,
				F69E640B1BCDDB9A006E993F /* ListTableViewController.m in Sources */,
				F6A320051BD69C3B00D1CAD5 /* Reachability.m in Sources */,
			);
			runOnlyForDeploymentPostprocessing = 0;
		};
		F6654BE31BCDDA870054072A /* Sources */ = {
			isa = PBXSourcesBuildPhase;
			buildActionMask = 2147483647;
			files = (
				F6654BEE1BCDDA870054072A /* ShakeToRecordTests.m in Sources */,
			);
			runOnlyForDeploymentPostprocessing = 0;
		};
/* End PBXSourcesBuildPhase section */

/* Begin PBXTargetDependency section */
		F6654BE91BCDDA870054072A /* PBXTargetDependency */ = {
			isa = PBXTargetDependency;
			target = F6654BCD1BCDDA870054072A /* ShakeToRecord */;
			targetProxy = F6654BE81BCDDA870054072A /* PBXContainerItemProxy */;
		};
/* End PBXTargetDependency section */

/* Begin PBXVariantGroup section */
		F6654BDB1BCDDA870054072A /* Main.storyboard */ = {
			isa = PBXVariantGroup;
			children = (
				F6654BDC1BCDDA870054072A /* Base */,
			);
			name = Main.storyboard;
			sourceTree = "<group>";
		};
		F6654BE01BCDDA870054072A /* LaunchScreen.xib */ = {
			isa = PBXVariantGroup;
			children = (
				F6654BE11BCDDA870054072A /* Base */,
			);
			name = LaunchScreen.xib;
			sourceTree = "<group>";
		};
/* End PBXVariantGroup section */

/* Begin XCBuildConfiguration section */
		F6654BEF1BCDDA870054072A /* Debug */ = {
			isa = XCBuildConfiguration;
			buildSettings = {
				ALWAYS_SEARCH_USER_PATHS = NO;
				CLANG_CXX_LANGUAGE_STANDARD = "gnu++0x";
				CLANG_CXX_LIBRARY = "libc++";
				CLANG_ENABLE_MODULES = YES;
				CLANG_ENABLE_OBJC_ARC = YES;
				CLANG_WARN_BOOL_CONVERSION = YES;
				CLANG_WARN_CONSTANT_CONVERSION = YES;
				CLANG_WARN_DIRECT_OBJC_ISA_USAGE = YES_ERROR;
				CLANG_WARN_EMPTY_BODY = YES;
				CLANG_WARN_ENUM_CONVERSION = YES;
				CLANG_WARN_INT_CONVERSION = YES;
				CLANG_WARN_OBJC_ROOT_CLASS = YES_ERROR;
				CLANG_WARN_UNREACHABLE_CODE = YES;
				CLANG_WARN__DUPLICATE_METHOD_MATCH = YES;
				"CODE_SIGN_IDENTITY[sdk=iphoneos*]" = "iPhone Developer";
				COPY_PHASE_STRIP = NO;
				DEBUG_INFORMATION_FORMAT = "dwarf-with-dsym";
				ENABLE_STRICT_OBJC_MSGSEND = YES;
				ENABLE_TESTABILITY = YES;
				GCC_C_LANGUAGE_STANDARD = gnu99;
				GCC_DYNAMIC_NO_PIC = NO;
				GCC_NO_COMMON_BLOCKS = YES;
				GCC_OPTIMIZATION_LEVEL = 0;
				GCC_PREPROCESSOR_DEFINITIONS = (
					"DEBUG=1",
					"$(inherited)",
				);
				GCC_SYMBOLS_PRIVATE_EXTERN = NO;
				GCC_WARN_64_TO_32_BIT_CONVERSION = YES;
				GCC_WARN_ABOUT_RETURN_TYPE = YES_ERROR;
				GCC_WARN_UNDECLARED_SELECTOR = YES;
				GCC_WARN_UNINITIALIZED_AUTOS = YES_AGGRESSIVE;
				GCC_WARN_UNUSED_FUNCTION = YES;
				GCC_WARN_UNUSED_VARIABLE = YES;
				IPHONEOS_DEPLOYMENT_TARGET = 8.1;
				MTL_ENABLE_DEBUG_INFO = YES;
				ONLY_ACTIVE_ARCH = YES;
				SDKROOT = iphoneos;
			};
			name = Debug;
		};
		F6654BF01BCDDA870054072A /* Release */ = {
			isa = XCBuildConfiguration;
			buildSettings = {
				ALWAYS_SEARCH_USER_PATHS = NO;
				CLANG_CXX_LANGUAGE_STANDARD = "gnu++0x";
				CLANG_CXX_LIBRARY = "libc++";
				CLANG_ENABLE_MODULES = YES;
				CLANG_ENABLE_OBJC_ARC = YES;
				CLANG_WARN_BOOL_CONVERSION = YES;
				CLANG_WARN_CONSTANT_CONVERSION = YES;
				CLANG_WARN_DIRECT_OBJC_ISA_USAGE = YES_ERROR;
				CLANG_WARN_EMPTY_BODY = YES;
				CLANG_WARN_ENUM_CONVERSION = YES;
				CLANG_WARN_INT_CONVERSION = YES;
				CLANG_WARN_OBJC_ROOT_CLASS = YES_ERROR;
				CLANG_WARN_UNREACHABLE_CODE = YES;
				CLANG_WARN__DUPLICATE_METHOD_MATCH = YES;
				"CODE_SIGN_IDENTITY[sdk=iphoneos*]" = "iPhone Developer";
				COPY_PHASE_STRIP = NO;
				DEBUG_INFORMATION_FORMAT = "dwarf-with-dsym";
				ENABLE_NS_ASSERTIONS = NO;
				ENABLE_STRICT_OBJC_MSGSEND = YES;
				GCC_C_LANGUAGE_STANDARD = gnu99;
				GCC_NO_COMMON_BLOCKS = YES;
				GCC_WARN_64_TO_32_BIT_CONVERSION = YES;
				GCC_WARN_ABOUT_RETURN_TYPE = YES_ERROR;
				GCC_WARN_UNDECLARED_SELECTOR = YES;
				GCC_WARN_UNINITIALIZED_AUTOS = YES_AGGRESSIVE;
				GCC_WARN_UNUSED_FUNCTION = YES;
				GCC_WARN_UNUSED_VARIABLE = YES;
				IPHONEOS_DEPLOYMENT_TARGET = 8.1;
				MTL_ENABLE_DEBUG_INFO = NO;
				SDKROOT = iphoneos;
				VALIDATE_PRODUCT = YES;
			};
			name = Release;
		};
		F6654BF21BCDDA870054072A /* Debug */ = {
			isa = XCBuildConfiguration;
			buildSettings = {
				ASSETCATALOG_COMPILER_APPICON_NAME = AppIcon;
				INFOPLIST_FILE = ShakeToRecord/Info.plist;
				IPHONEOS_DEPLOYMENT_TARGET = 8.1;
				LD_RUNPATH_SEARCH_PATHS = "$(inherited) @executable_path/Frameworks";
				PRODUCT_BUNDLE_IDENTIFIER = "com.IceStorm.$(PRODUCT_NAME:rfc1034identifier)";
				PRODUCT_NAME = "$(TARGET_NAME)";
			};
			name = Debug;
		};
		F6654BF31BCDDA870054072A /* Release */ = {
			isa = XCBuildConfiguration;
			buildSettings = {
				ASSETCATALOG_COMPILER_APPICON_NAME = AppIcon;
				INFOPLIST_FILE = ShakeToRecord/Info.plist;
				IPHONEOS_DEPLOYMENT_TARGET = 8.1;
				LD_RUNPATH_SEARCH_PATHS = "$(inherited) @executable_path/Frameworks";
				PRODUCT_BUNDLE_IDENTIFIER = "com.IceStorm.$(PRODUCT_NAME:rfc1034identifier)";
				PRODUCT_NAME = "$(TARGET_NAME)";
			};
			name = Release;
		};
		F6654BF51BCDDA870054072A /* Debug */ = {
			isa = XCBuildConfiguration;
			buildSettings = {
				BUNDLE_LOADER = "$(TEST_HOST)";
				FRAMEWORK_SEARCH_PATHS = (
					"$(SDKROOT)/Developer/Library/Frameworks",
					"$(inherited)",
				);
				GCC_PREPROCESSOR_DEFINITIONS = (
					"DEBUG=1",
					"$(inherited)",
				);
				INFOPLIST_FILE = ShakeToRecordTests/Info.plist;
				LD_RUNPATH_SEARCH_PATHS = "$(inherited) @executable_path/Frameworks @loader_path/Frameworks";
				PRODUCT_BUNDLE_IDENTIFIER = "com.IceStorm.$(PRODUCT_NAME:rfc1034identifier)";
				PRODUCT_NAME = "$(TARGET_NAME)";
				TEST_HOST = "$(BUILT_PRODUCTS_DIR)/ShakeToRecord.app/ShakeToRecord";
			};
			name = Debug;
		};
		F6654BF61BCDDA870054072A /* Release */ = {
			isa = XCBuildConfiguration;
			buildSettings = {
				BUNDLE_LOADER = "$(TEST_HOST)";
				FRAMEWORK_SEARCH_PATHS = (
					"$(SDKROOT)/Developer/Library/Frameworks",
					"$(inherited)",
				);
				INFOPLIST_FILE = ShakeToRecordTests/Info.plist;
				LD_RUNPATH_SEARCH_PATHS = "$(inherited) @executable_path/Frameworks @loader_path/Frameworks";
				PRODUCT_BUNDLE_IDENTIFIER = "com.IceStorm.$(PRODUCT_NAME:rfc1034identifier)";
				PRODUCT_NAME = "$(TARGET_NAME)";
				TEST_HOST = "$(BUILT_PRODUCTS_DIR)/ShakeToRecord.app/ShakeToRecord";
			};
			name = Release;
		};
/* End XCBuildConfiguration section */

/* Begin XCConfigurationList section */
		F6654BC91BCDDA860054072A /* Build configuration list for PBXProject "ShakeToRecord" */ = {
			isa = XCConfigurationList;
			buildConfigurations = (
				F6654BEF1BCDDA870054072A /* Debug */,
				F6654BF01BCDDA870054072A /* Release */,
			);
			defaultConfigurationIsVisible = 0;
			defaultConfigurationName = Release;
		};
		F6654BF11BCDDA870054072A /* Build configuration list for PBXNativeTarget "ShakeToRecord" */ = {
			isa = XCConfigurationList;
			buildConfigurations = (
				F6654BF21BCDDA870054072A /* Debug */,
				F6654BF31BCDDA870054072A /* Release */,
			);
			defaultConfigurationIsVisible = 0;
			defaultConfigurationName = Release;
		};
		F6654BF41BCDDA870054072A /* Build configuration list for PBXNativeTarget "ShakeToRecordTests" */ = {
			isa = XCConfigurationList;
			buildConfigurations = (
				F6654BF51BCDDA870054072A /* Debug */,
				F6654BF61BCDDA870054072A /* Release */,
			);
			defaultConfigurationIsVisible = 0;
			defaultConfigurationName = Release;
		};
/* End XCConfigurationList section */
	};
	rootObject = F6654BC61BCDDA860054072A /* Project object */;
}
